PODS:
  - ETRCollectionModel (0.1.0):
    - ReactiveCocoa (~> 2.3)
  - ReactiveCocoa (2.4.2):
    - ReactiveCocoa/UI (= 2.4.2)
  - ReactiveCocoa/Core (2.4.2):
    - ReactiveCocoa/no-arc
  - ReactiveCocoa/no-arc (2.4.2)
  - ReactiveCocoa/UI (2.4.2):
    - ReactiveCocoa/Core

DEPENDENCIES:
  - ETRCollectionModel (from `../`)

EXTERNAL SOURCES:
  ETRCollectionModel:
    :path: ../

SPEC CHECKSUMS:
  ETRCollectionModel: 47516f85c37fac69802d59e0eb976f0c70704429
  ReactiveCocoa: 8418a82b67af2f1b7587baf29c329040a23c2063

COCOAPODS: 0.35.0
